// !$*UTF8*$!
{
	archiveVersion = 1;
	classes = {
	};
	objectVersion = 51;
	objects = {

/* Begin PBXBuildFile section */
		85460D982728969100452090 /* SplashProtocols.swift in Sources */ = {isa = PBXBuildFile; fileRef = 85460D972728969100452090 /* SplashProtocols.swift */; };
		85460D9A27289FC900452090 /* SplashPresenter.swift in Sources */ = {isa = PBXBuildFile; fileRef = 85460D9927289FC900452090 /* SplashPresenter.swift */; };
		85460D9C2728A11600452090 /* SplashInteractor.swift in Sources */ = {isa = PBXBuildFile; fileRef = 85460D9B2728A11600452090 /* SplashInteractor.swift */; };
		85460D9E2728AD8800452090 /* SplashRouter.swift in Sources */ = {isa = PBXBuildFile; fileRef = 85460D9D2728AD8800452090 /* SplashRouter.swift */; };
		85460DA32729DD7400452090 /* Storyboardable.swift in Sources */ = {isa = PBXBuildFile; fileRef = 85460DA22729DD7400452090 /* Storyboardable.swift */; };
		857772AD2731C28500838AA7 /* LoginProtocols.swift in Sources */ = {isa = PBXBuildFile; fileRef = 857772AC2731C28500838AA7 /* LoginProtocols.swift */; };
		857772AF2731C2D800838AA7 /* LoginPresenter.swift in Sources */ = {isa = PBXBuildFile; fileRef = 857772AE2731C2D800838AA7 /* LoginPresenter.swift */; };
		857772B12731C2EA00838AA7 /* LoginInteractor.swift in Sources */ = {isa = PBXBuildFile; fileRef = 857772B02731C2EA00838AA7 /* LoginInteractor.swift */; };
		857772B32731C31900838AA7 /* LoginRouter.swift in Sources */ = {isa = PBXBuildFile; fileRef = 857772B22731C31900838AA7 /* LoginRouter.swift */; };
		85B72A572734315F00137145 /* MainProtocols.swift in Sources */ = {isa = PBXBuildFile; fileRef = 85B72A562734315F00137145 /* MainProtocols.swift */; };
		85B72A592734317100137145 /* MainPresenter.swift in Sources */ = {isa = PBXBuildFile; fileRef = 85B72A582734317100137145 /* MainPresenter.swift */; };
		85B72A5B2734318300137145 /* MainInteractor.swift in Sources */ = {isa = PBXBuildFile; fileRef = 85B72A5A2734318300137145 /* MainInteractor.swift */; };
		85B72A5D2734319300137145 /* MainRouter.swift in Sources */ = {isa = PBXBuildFile; fileRef = 85B72A5C2734319300137145 /* MainRouter.swift */; };
		85B72A5F2734648100137145 /* RegisterProtocols.swift in Sources */ = {isa = PBXBuildFile; fileRef = 85B72A5E2734648100137145 /* RegisterProtocols.swift */; };
		85B72A612734649200137145 /* RegisterPresenter.swift in Sources */ = {isa = PBXBuildFile; fileRef = 85B72A602734649200137145 /* RegisterPresenter.swift */; };
		85B72A63273464A300137145 /* RegisterInteractor.swift in Sources */ = {isa = PBXBuildFile; fileRef = 85B72A62273464A300137145 /* RegisterInteractor.swift */; };
		85B72A65273464BB00137145 /* RegisterRouter.swift in Sources */ = {isa = PBXBuildFile; fileRef = 85B72A64273464BB00137145 /* RegisterRouter.swift */; };
		85D84AC6271DEC6E00E74315 /* AppDelegate.swift in Sources */ = {isa = PBXBuildFile; fileRef = 85D84AC5271DEC6E00E74315 /* AppDelegate.swift */; };
		85D84ACF271DEC7300E74315 /* Assets.xcassets in Resources */ = {isa = PBXBuildFile; fileRef = 85D84ACE271DEC7300E74315 /* Assets.xcassets */; };
		85D84AD2271DEC7300E74315 /* LaunchScreen.storyboard in Resources */ = {isa = PBXBuildFile; fileRef = 85D84AD0271DEC7300E74315 /* LaunchScreen.storyboard */; };
		85D84ADE271DED0E00E74315 /* Main.storyboard in Resources */ = {isa = PBXBuildFile; fileRef = 85D84ADD271DED0E00E74315 /* Main.storyboard */; };
		85D84AE0271DED2300E74315 /* MainViewController.swift in Sources */ = {isa = PBXBuildFile; fileRef = 85D84ADF271DED2300E74315 /* MainViewController.swift */; };
		85D84AE2271DEF7800E74315 /* Login.storyboard in Resources */ = {isa = PBXBuildFile; fileRef = 85D84AE1271DEF7800E74315 /* Login.storyboard */; };
		85D84AE4271DEF8800E74315 /* LoginViewController.swift in Sources */ = {isa = PBXBuildFile; fileRef = 85D84AE3271DEF8800E74315 /* LoginViewController.swift */; };
		85D84AEC271DEFBD00E74315 /* SplashViewController.swift in Sources */ = {isa = PBXBuildFile; fileRef = 85D84AEB271DEFBD00E74315 /* SplashViewController.swift */; };
		85D84AEE271E44F200E74315 /* Splash.storyboard in Resources */ = {isa = PBXBuildFile; fileRef = 85D84AE9271DEFAF00E74315 /* Splash.storyboard */; };
		85D84AF0271E462B00E74315 /* Register.storyboard in Resources */ = {isa = PBXBuildFile; fileRef = 85D84AEF271E462B00E74315 /* Register.storyboard */; };
		85D84AF2271E463E00E74315 /* RegisterViewController.swift in Sources */ = {isa = PBXBuildFile; fileRef = 85D84AF1271E463E00E74315 /* RegisterViewController.swift */; };
		85D84AF4271EED6A00E74315 /* GoogleService-Info.plist in Resources */ = {isa = PBXBuildFile; fileRef = 85D84AF3271EED6A00E74315 /* GoogleService-Info.plist */; };
		D5853FA84A3942C226F5E1D9 /* Pods_FireBaseApp.framework in Frameworks */ = {isa = PBXBuildFile; fileRef = 3F964155D72EC20FCF265074 /* Pods_FireBaseApp.framework */; };
/* End PBXBuildFile section */

/* Begin PBXFileReference section */
		0ABE4A200738FA84F47F32E9 /* Pods-FireBaseApp.release.xcconfig */ = {isa = PBXFileReference; includeInIndex = 1; lastKnownFileType = text.xcconfig; name = "Pods-FireBaseApp.release.xcconfig"; path = "Target Support Files/Pods-FireBaseApp/Pods-FireBaseApp.release.xcconfig"; sourceTree = "<group>"; };
		3F964155D72EC20FCF265074 /* Pods_FireBaseApp.framework */ = {isa = PBXFileReference; explicitFileType = wrapper.framework; includeInIndex = 0; path = Pods_FireBaseApp.framework; sourceTree = BUILT_PRODUCTS_DIR; };
		85460D972728969100452090 /* SplashProtocols.swift */ = {isa = PBXFileReference; lastKnownFileType = sourcecode.swift; path = SplashProtocols.swift; sourceTree = "<group>"; };
		85460D9927289FC900452090 /* SplashPresenter.swift */ = {isa = PBXFileReference; lastKnownFileType = sourcecode.swift; path = SplashPresenter.swift; sourceTree = "<group>"; };
		85460D9B2728A11600452090 /* SplashInteractor.swift */ = {isa = PBXFileReference; lastKnownFileType = sourcecode.swift; path = SplashInteractor.swift; sourceTree = "<group>"; };
		85460D9D2728AD8800452090 /* SplashRouter.swift */ = {isa = PBXFileReference; lastKnownFileType = sourcecode.swift; path = SplashRouter.swift; sourceTree = "<group>"; };
		85460DA22729DD7400452090 /* Storyboardable.swift */ = {isa = PBXFileReference; lastKnownFileType = sourcecode.swift; path = Storyboardable.swift; sourceTree = "<group>"; };
		857772AC2731C28500838AA7 /* LoginProtocols.swift */ = {isa = PBXFileReference; lastKnownFileType = sourcecode.swift; path = LoginProtocols.swift; sourceTree = "<group>"; };
		857772AE2731C2D800838AA7 /* LoginPresenter.swift */ = {isa = PBXFileReference; lastKnownFileType = sourcecode.swift; path = LoginPresenter.swift; sourceTree = "<group>"; };
		857772B02731C2EA00838AA7 /* LoginInteractor.swift */ = {isa = PBXFileReference; lastKnownFileType = sourcecode.swift; path = LoginInteractor.swift; sourceTree = "<group>"; };
		857772B22731C31900838AA7 /* LoginRouter.swift */ = {isa = PBXFileReference; lastKnownFileType = sourcecode.swift; path = LoginRouter.swift; sourceTree = "<group>"; };
		85B72A562734315F00137145 /* MainProtocols.swift */ = {isa = PBXFileReference; lastKnownFileType = sourcecode.swift; path = MainProtocols.swift; sourceTree = "<group>"; };
		85B72A582734317100137145 /* MainPresenter.swift */ = {isa = PBXFileReference; lastKnownFileType = sourcecode.swift; path = MainPresenter.swift; sourceTree = "<group>"; };
		85B72A5A2734318300137145 /* MainInteractor.swift */ = {isa = PBXFileReference; lastKnownFileType = sourcecode.swift; path = MainInteractor.swift; sourceTree = "<group>"; };
		85B72A5C2734319300137145 /* MainRouter.swift */ = {isa = PBXFileReference; lastKnownFileType = sourcecode.swift; path = MainRouter.swift; sourceTree = "<group>"; };
		85B72A5E2734648100137145 /* RegisterProtocols.swift */ = {isa = PBXFileReference; lastKnownFileType = sourcecode.swift; path = RegisterProtocols.swift; sourceTree = "<group>"; };
		85B72A602734649200137145 /* RegisterPresenter.swift */ = {isa = PBXFileReference; lastKnownFileType = sourcecode.swift; path = RegisterPresenter.swift; sourceTree = "<group>"; };
		85B72A62273464A300137145 /* RegisterInteractor.swift */ = {isa = PBXFileReference; lastKnownFileType = sourcecode.swift; path = RegisterInteractor.swift; sourceTree = "<group>"; };
		85B72A64273464BB00137145 /* RegisterRouter.swift */ = {isa = PBXFileReference; lastKnownFileType = sourcecode.swift; path = RegisterRouter.swift; sourceTree = "<group>"; };
		85D84AC2271DEC6E00E74315 /* FireBaseApp.app */ = {isa = PBXFileReference; explicitFileType = wrapper.application; includeInIndex = 0; path = FireBaseApp.app; sourceTree = BUILT_PRODUCTS_DIR; };
		85D84AC5271DEC6E00E74315 /* AppDelegate.swift */ = {isa = PBXFileReference; lastKnownFileType = sourcecode.swift; path = AppDelegate.swift; sourceTree = "<group>"; };
		85D84ACE271DEC7300E74315 /* Assets.xcassets */ = {isa = PBXFileReference; lastKnownFileType = folder.assetcatalog; path = Assets.xcassets; sourceTree = "<group>"; };
		85D84AD1271DEC7300E74315 /* Base */ = {isa = PBXFileReference; lastKnownFileType = file.storyboard; name = Base; path = Base.lproj/LaunchScreen.storyboard; sourceTree = "<group>"; };
		85D84AD3271DEC7300E74315 /* Info.plist */ = {isa = PBXFileReference; lastKnownFileType = text.plist.xml; path = Info.plist; sourceTree = "<group>"; };
		85D84ADD271DED0E00E74315 /* Main.storyboard */ = {isa = PBXFileReference; lastKnownFileType = file.storyboard; path = Main.storyboard; sourceTree = "<group>"; };
		85D84ADF271DED2300E74315 /* MainViewController.swift */ = {isa = PBXFileReference; lastKnownFileType = sourcecode.swift; path = MainViewController.swift; sourceTree = "<group>"; };
		85D84AE1271DEF7800E74315 /* Login.storyboard */ = {isa = PBXFileReference; lastKnownFileType = file.storyboard; path = Login.storyboard; sourceTree = "<group>"; };
		85D84AE3271DEF8800E74315 /* LoginViewController.swift */ = {isa = PBXFileReference; lastKnownFileType = sourcecode.swift; path = LoginViewController.swift; sourceTree = "<group>"; };
		85D84AE9271DEFAF00E74315 /* Splash.storyboard */ = {isa = PBXFileReference; lastKnownFileType = file.storyboard; path = Splash.storyboard; sourceTree = "<group>"; };
		85D84AEB271DEFBD00E74315 /* SplashViewController.swift */ = {isa = PBXFileReference; lastKnownFileType = sourcecode.swift; path = SplashViewController.swift; sourceTree = "<group>"; };
		85D84AEF271E462B00E74315 /* Register.storyboard */ = {isa = PBXFileReference; lastKnownFileType = file.storyboard; path = Register.storyboard; sourceTree = "<group>"; };
		85D84AF1271E463E00E74315 /* RegisterViewController.swift */ = {isa = PBXFileReference; lastKnownFileType = sourcecode.swift; path = RegisterViewController.swift; sourceTree = "<group>"; };
		85D84AF3271EED6A00E74315 /* GoogleService-Info.plist */ = {isa = PBXFileReference; fileEncoding = 4; lastKnownFileType = text.plist.xml; path = "GoogleService-Info.plist"; sourceTree = "<group>"; };
		DC585984AF375DDD0B4605A4 /* Pods-FireBaseApp.debug.xcconfig */ = {isa = PBXFileReference; includeInIndex = 1; lastKnownFileType = text.xcconfig; name = "Pods-FireBaseApp.debug.xcconfig"; path = "Target Support Files/Pods-FireBaseApp/Pods-FireBaseApp.debug.xcconfig"; sourceTree = "<group>"; };
/* End PBXFileReference section */

/* Begin PBXFrameworksBuildPhase section */
		85D84ABF271DEC6E00E74315 /* Frameworks */ = {
			isa = PBXFrameworksBuildPhase;
			buildActionMask = 2147483647;
			files = (
				D5853FA84A3942C226F5E1D9 /* Pods_FireBaseApp.framework in Frameworks */,
			);
			runOnlyForDeploymentPostprocessing = 0;
		};
/* End PBXFrameworksBuildPhase section */

/* Begin PBXGroup section */
		02097AFFAEDDD7F40D764B21 /* Frameworks */ = {
			isa = PBXGroup;
			children = (
				3F964155D72EC20FCF265074 /* Pods_FireBaseApp.framework */,
			);
			name = Frameworks;
			sourceTree = "<group>";
		};
		85460DA12729DD4B00452090 /* Utils */ = {
			isa = PBXGroup;
			children = (
				85460DA22729DD7400452090 /* Storyboardable.swift */,
			);
			path = Utils;
			sourceTree = "<group>";
		};
		85D84AB9271DEC6D00E74315 = {
			isa = PBXGroup;
			children = (
				85D84AC4271DEC6E00E74315 /* FireBaseApp */,
				85D84AC3271DEC6E00E74315 /* Products */,
				C59CCA06C6559F4AD2224510 /* Pods */,
				02097AFFAEDDD7F40D764B21 /* Frameworks */,
			);
			sourceTree = "<group>";
		};
		85D84AC3271DEC6E00E74315 /* Products */ = {
			isa = PBXGroup;
			children = (
				85D84AC2271DEC6E00E74315 /* FireBaseApp.app */,
			);
			name = Products;
			sourceTree = "<group>";
		};
		85D84AC4271DEC6E00E74315 /* FireBaseApp */ = {
			isa = PBXGroup;
			children = (
				85460DA12729DD4B00452090 /* Utils */,
				85D84AC5271DEC6E00E74315 /* AppDelegate.swift */,
				85D84ADC271DECE200E74315 /* Register */,
				85D84AD9271DECA900E74315 /* Splash */,
				85D84ADB271DECC800E74315 /* Login */,
				85D84ADA271DECBA00E74315 /* Main */,
				85D84ACE271DEC7300E74315 /* Assets.xcassets */,
				85D84AD0271DEC7300E74315 /* LaunchScreen.storyboard */,
				85D84AD3271DEC7300E74315 /* Info.plist */,
				85D84AF3271EED6A00E74315 /* GoogleService-Info.plist */,
			);
			path = FireBaseApp;
			sourceTree = "<group>";
		};
		85D84AD9271DECA900E74315 /* Splash */ = {
			isa = PBXGroup;
			children = (
				85D84AE9271DEFAF00E74315 /* Splash.storyboard */,
				85D84AEB271DEFBD00E74315 /* SplashViewController.swift */,
				85460D972728969100452090 /* SplashProtocols.swift */,
				85460D9927289FC900452090 /* SplashPresenter.swift */,
				85460D9B2728A11600452090 /* SplashInteractor.swift */,
				85460D9D2728AD8800452090 /* SplashRouter.swift */,
			);
			path = Splash;
			sourceTree = "<group>";
		};
		85D84ADA271DECBA00E74315 /* Main */ = {
			isa = PBXGroup;
			children = (
				85D84ADD271DED0E00E74315 /* Main.storyboard */,
				85D84ADF271DED2300E74315 /* MainViewController.swift */,
				85B72A562734315F00137145 /* MainProtocols.swift */,
				85B72A582734317100137145 /* MainPresenter.swift */,
				85B72A5A2734318300137145 /* MainInteractor.swift */,
				85B72A5C2734319300137145 /* MainRouter.swift */,
			);
			path = Main;
			sourceTree = "<group>";
		};
		85D84ADB271DECC800E74315 /* Login */ = {
			isa = PBXGroup;
			children = (
				85D84AE1271DEF7800E74315 /* Login.storyboard */,
				85D84AE3271DEF8800E74315 /* LoginViewController.swift */,
				857772AC2731C28500838AA7 /* LoginProtocols.swift */,
				857772AE2731C2D800838AA7 /* LoginPresenter.swift */,
				857772B02731C2EA00838AA7 /* LoginInteractor.swift */,
				857772B22731C31900838AA7 /* LoginRouter.swift */,
			);
			path = Login;
			sourceTree = "<group>";
		};
		85D84ADC271DECE200E74315 /* Register */ = {
			isa = PBXGroup;
			children = (
				85D84AEF271E462B00E74315 /* Register.storyboard */,
				85D84AF1271E463E00E74315 /* RegisterViewController.swift */,
				85B72A5E2734648100137145 /* RegisterProtocols.swift */,
				85B72A602734649200137145 /* RegisterPresenter.swift */,
				85B72A62273464A300137145 /* RegisterInteractor.swift */,
				85B72A64273464BB00137145 /* RegisterRouter.swift */,
			);
			path = Register;
			sourceTree = "<group>";
		};
		C59CCA06C6559F4AD2224510 /* Pods */ = {
			isa = PBXGroup;
			children = (
				DC585984AF375DDD0B4605A4 /* Pods-FireBaseApp.debug.xcconfig */,
				0ABE4A200738FA84F47F32E9 /* Pods-FireBaseApp.release.xcconfig */,
			);
			path = Pods;
			sourceTree = "<group>";
		};
/* End PBXGroup section */

/* Begin PBXNativeTarget section */
		85D84AC1271DEC6E00E74315 /* FireBaseApp */ = {
			isa = PBXNativeTarget;
			buildConfigurationList = 85D84AD6271DEC7300E74315 /* Build configuration list for PBXNativeTarget "FireBaseApp" */;
			buildPhases = (
				319ED891DD1697BB8344B15C /* [CP] Check Pods Manifest.lock */,
				85D84ABE271DEC6E00E74315 /* Sources */,
				85D84ABF271DEC6E00E74315 /* Frameworks */,
				85D84AC0271DEC6E00E74315 /* Resources */,
				F3646B0DA9C439A2FC916EF0 /* [CP] Embed Pods Frameworks */,
			);
			buildRules = (
			);
			dependencies = (
			);
			name = FireBaseApp;
			productName = FireBaseApp;
			productReference = 85D84AC2271DEC6E00E74315 /* FireBaseApp.app */;
			productType = "com.apple.product-type.application";
		};
/* End PBXNativeTarget section */

/* Begin PBXProject section */
		85D84ABA271DEC6E00E74315 /* Project object */ = {
			isa = PBXProject;
			attributes = {
				LastSwiftUpdateCheck = 1250;
				LastUpgradeCheck = 1250;
				TargetAttributes = {
					85D84AC1271DEC6E00E74315 = {
						CreatedOnToolsVersion = 12.5.1;
					};
				};
			};
			buildConfigurationList = 85D84ABD271DEC6E00E74315 /* Build configuration list for PBXProject "FireBaseApp" */;
			compatibilityVersion = "Xcode 9.3";
			developmentRegion = en;
			hasScannedForEncodings = 0;
			knownRegions = (
				en,
				Base,
			);
			mainGroup = 85D84AB9271DEC6D00E74315;
			productRefGroup = 85D84AC3271DEC6E00E74315 /* Products */;
			projectDirPath = "";
			projectRoot = "";
			targets = (
				85D84AC1271DEC6E00E74315 /* FireBaseApp */,
			);
		};
/* End PBXProject section */

/* Begin PBXResourcesBuildPhase section */
		85D84AC0271DEC6E00E74315 /* Resources */ = {
			isa = PBXResourcesBuildPhase;
			buildActionMask = 2147483647;
			files = (
				85D84AE2271DEF7800E74315 /* Login.storyboard in Resources */,
				85D84AD2271DEC7300E74315 /* LaunchScreen.storyboard in Resources */,
				85D84AF0271E462B00E74315 /* Register.storyboard in Resources */,
				85D84ACF271DEC7300E74315 /* Assets.xcassets in Resources */,
				85D84ADE271DED0E00E74315 /* Main.storyboard in Resources */,
				85D84AEE271E44F200E74315 /* Splash.storyboard in Resources */,
				85D84AF4271EED6A00E74315 /* GoogleService-Info.plist in Resources */,
			);
			runOnlyForDeploymentPostprocessing = 0;
		};
/* End PBXResourcesBuildPhase section */

/* Begin PBXShellScriptBuildPhase section */
		319ED891DD1697BB8344B15C /* [CP] Check Pods Manifest.lock */ = {
			isa = PBXShellScriptBuildPhase;
			buildActionMask = 2147483647;
			files = (
			);
			inputFileListPaths = (
			);
			inputPaths = (
				"${PODS_PODFILE_DIR_PATH}/Podfile.lock",
				"${PODS_ROOT}/Manifest.lock",
			);
			name = "[CP] Check Pods Manifest.lock";
			outputFileListPaths = (
			);
			outputPaths = (
				"$(DERIVED_FILE_DIR)/Pods-FireBaseApp-checkManifestLockResult.txt",
			);
			runOnlyForDeploymentPostprocessing = 0;
			shellPath = /bin/sh;
			shellScript = "diff \"${PODS_PODFILE_DIR_PATH}/Podfile.lock\" \"${PODS_ROOT}/Manifest.lock\" > /dev/null\nif [ $? != 0 ] ; then\n    # print error to STDERR\n    echo \"error: The sandbox is not in sync with the Podfile.lock. Run 'pod install' or update your CocoaPods installation.\" >&2\n    exit 1\nfi\n# This output is used by Xcode 'outputs' to avoid re-running this script phase.\necho \"SUCCESS\" > \"${SCRIPT_OUTPUT_FILE_0}\"\n";
			showEnvVarsInLog = 0;
		};
		F3646B0DA9C439A2FC916EF0 /* [CP] Embed Pods Frameworks */ = {
			isa = PBXShellScriptBuildPhase;
			buildActionMask = 2147483647;
			files = (
			);
			inputFileListPaths = (
				"${PODS_ROOT}/Target Support Files/Pods-FireBaseApp/Pods-FireBaseApp-frameworks-${CONFIGURATION}-input-files.xcfilelist",
			);
			name = "[CP] Embed Pods Frameworks";
			outputFileListPaths = (
				"${PODS_ROOT}/Target Support Files/Pods-FireBaseApp/Pods-FireBaseApp-frameworks-${CONFIGURATION}-output-files.xcfilelist",
			);
			runOnlyForDeploymentPostprocessing = 0;
			shellPath = /bin/sh;
			shellScript = "\"${PODS_ROOT}/Target Support Files/Pods-FireBaseApp/Pods-FireBaseApp-frameworks.sh\"\n";
			showEnvVarsInLog = 0;
		};
/* End PBXShellScriptBuildPhase section */

/* Begin PBXSourcesBuildPhase section */
		85D84ABE271DEC6E00E74315 /* Sources */ = {
			isa = PBXSourcesBuildPhase;
			buildActionMask = 2147483647;
			files = (
				85B72A5F2734648100137145 /* RegisterProtocols.swift in Sources */,
				85460DA32729DD7400452090 /* Storyboardable.swift in Sources */,
				85D84AE4271DEF8800E74315 /* LoginViewController.swift in Sources */,
				85B72A592734317100137145 /* MainPresenter.swift in Sources */,
				857772B12731C2EA00838AA7 /* LoginInteractor.swift in Sources */,
				85D84AC6271DEC6E00E74315 /* AppDelegate.swift in Sources */,
				85B72A5B2734318300137145 /* MainInteractor.swift in Sources */,
				85D84AEC271DEFBD00E74315 /* SplashViewController.swift in Sources */,
				85460D9A27289FC900452090 /* SplashPresenter.swift in Sources */,
				85460D9C2728A11600452090 /* SplashInteractor.swift in Sources */,
				85460D9E2728AD8800452090 /* SplashRouter.swift in Sources */,
				85B72A572734315F00137145 /* MainProtocols.swift in Sources */,
				857772B32731C31900838AA7 /* LoginRouter.swift in Sources */,
				85D84AF2271E463E00E74315 /* RegisterViewController.swift in Sources */,
				857772AF2731C2D800838AA7 /* LoginPresenter.swift in Sources */,
				85460D982728969100452090 /* SplashProtocols.swift in Sources */,
				85B72A612734649200137145 /* RegisterPresenter.swift in Sources */,
				857772AD2731C28500838AA7 /* LoginProtocols.swift in Sources */,
				85B72A63273464A300137145 /* RegisterInteractor.swift in Sources */,
				85B72A65273464BB00137145 /* RegisterRouter.swift in Sources */,
				85D84AE0271DED2300E74315 /* MainViewController.swift in Sources */,
				85B72A5D2734319300137145 /* MainRouter.swift in Sources */,
			);
			runOnlyForDeploymentPostprocessing = 0;
		};
/* End PBXSourcesBuildPhase section */

/* Begin PBXVariantGroup section */
		85D84AD0271DEC7300E74315 /* LaunchScreen.storyboard */ = {
			isa = PBXVariantGroup;
			children = (
				85D84AD1271DEC7300E74315 /* Base */,
			);
			name = LaunchScreen.storyboard;
			sourceTree = "<group>";
		};
/* End PBXVariantGroup section */

/* Begin XCBuildConfiguration section */
		85D84AD4271DEC7300E74315 /* Debug */ = {
			isa = XCBuildConfiguration;
			buildSettings = {
				ALWAYS_SEARCH_USER_PATHS = NO;
				CLANG_ANALYZER_NONNULL = YES;
				CLANG_ANALYZER_NUMBER_OBJECT_CONVERSION = YES_AGGRESSIVE;
				CLANG_CXX_LANGUAGE_STANDARD = "gnu++14";
				CLANG_CXX_LIBRARY = "libc++";
				CLANG_ENABLE_MODULES = YES;
				CLANG_ENABLE_OBJC_ARC = YES;
				CLANG_ENABLE_OBJC_WEAK = YES;
				CLANG_WARN_BLOCK_CAPTURE_AUTORELEASING = YES;
				CLANG_WARN_BOOL_CONVERSION = YES;
				CLANG_WARN_COMMA = YES;
				CLANG_WARN_CONSTANT_CONVERSION = YES;
				CLANG_WARN_DEPRECATED_OBJC_IMPLEMENTATIONS = YES;
				CLANG_WARN_DIRECT_OBJC_ISA_USAGE = YES_ERROR;
				CLANG_WARN_DOCUMENTATION_COMMENTS = YES;
				CLANG_WARN_EMPTY_BODY = YES;
				CLANG_WARN_ENUM_CONVERSION = YES;
				CLANG_WARN_INFINITE_RECURSION = YES;
				CLANG_WARN_INT_CONVERSION = YES;
				CLANG_WARN_NON_LITERAL_NULL_CONVERSION = YES;
				CLANG_WARN_OBJC_IMPLICIT_RETAIN_SELF = YES;
				CLANG_WARN_OBJC_LITERAL_CONVERSION = YES;
				CLANG_WARN_OBJC_ROOT_CLASS = YES_ERROR;
				CLANG_WARN_QUOTED_INCLUDE_IN_FRAMEWORK_HEADER = YES;
				CLANG_WARN_RANGE_LOOP_ANALYSIS = YES;
				CLANG_WARN_STRICT_PROTOTYPES = YES;
				CLANG_WARN_SUSPICIOUS_MOVE = YES;
				CLANG_WARN_UNGUARDED_AVAILABILITY = YES_AGGRESSIVE;
				CLANG_WARN_UNREACHABLE_CODE = YES;
				CLANG_WARN__DUPLICATE_METHOD_MATCH = YES;
				COPY_PHASE_STRIP = NO;
				DEBUG_INFORMATION_FORMAT = dwarf;
				ENABLE_STRICT_OBJC_MSGSEND = YES;
				ENABLE_TESTABILITY = YES;
				GCC_C_LANGUAGE_STANDARD = gnu11;
				GCC_DYNAMIC_NO_PIC = NO;
				GCC_NO_COMMON_BLOCKS = YES;
				GCC_OPTIMIZATION_LEVEL = 0;
				GCC_PREPROCESSOR_DEFINITIONS = (
					"DEBUG=1",
					"$(inherited)",
				);
				GCC_WARN_64_TO_32_BIT_CONVERSION = YES;
				GCC_WARN_ABOUT_RETURN_TYPE = YES_ERROR;
				GCC_WARN_UNDECLARED_SELECTOR = YES;
				GCC_WARN_UNINITIALIZED_AUTOS = YES_AGGRESSIVE;
				GCC_WARN_UNUSED_FUNCTION = YES;
				GCC_WARN_UNUSED_VARIABLE = YES;
				IPHONEOS_DEPLOYMENT_TARGET = 14.5;
				MTL_ENABLE_DEBUG_INFO = INCLUDE_SOURCE;
				MTL_FAST_MATH = YES;
				ONLY_ACTIVE_ARCH = YES;
				SDKROOT = iphoneos;
				SWIFT_ACTIVE_COMPILATION_CONDITIONS = DEBUG;
				SWIFT_OPTIMIZATION_LEVEL = "-Onone";
			};
			name = Debug;
		};
		85D84AD5271DEC7300E74315 /* Release */ = {
			isa = XCBuildConfiguration;
			buildSettings = {
				ALWAYS_SEARCH_USER_PATHS = NO;
				CLANG_ANALYZER_NONNULL = YES;
				CLANG_ANALYZER_NUMBER_OBJECT_CONVERSION = YES_AGGRESSIVE;
				CLANG_CXX_LANGUAGE_STANDARD = "gnu++14";
				CLANG_CXX_LIBRARY = "libc++";
				CLANG_ENABLE_MODULES = YES;
				CLANG_ENABLE_OBJC_ARC = YES;
				CLANG_ENABLE_OBJC_WEAK = YES;
				CLANG_WARN_BLOCK_CAPTURE_AUTORELEASING = YES;
				CLANG_WARN_BOOL_CONVERSION = YES;
				CLANG_WARN_COMMA = YES;
				CLANG_WARN_CONSTANT_CONVERSION = YES;
				CLANG_WARN_DEPRECATED_OBJC_IMPLEMENTATIONS = YES;
				CLANG_WARN_DIRECT_OBJC_ISA_USAGE = YES_ERROR;
				CLANG_WARN_DOCUMENTATION_COMMENTS = YES;
				CLANG_WARN_EMPTY_BODY = YES;
				CLANG_WARN_ENUM_CONVERSION = YES;
				CLANG_WARN_INFINITE_RECURSION = YES;
				CLANG_WARN_INT_CONVERSION = YES;
				CLANG_WARN_NON_LITERAL_NULL_CONVERSION = YES;
				CLANG_WARN_OBJC_IMPLICIT_RETAIN_SELF = YES;
				CLANG_WARN_OBJC_LITERAL_CONVERSION = YES;
				CLANG_WARN_OBJC_ROOT_CLASS = YES_ERROR;
				CLANG_WARN_QUOTED_INCLUDE_IN_FRAMEWORK_HEADER = YES;
				CLANG_WARN_RANGE_LOOP_ANALYSIS = YES;
				CLANG_WARN_STRICT_PROTOTYPES = YES;
				CLANG_WARN_SUSPICIOUS_MOVE = YES;
				CLANG_WARN_UNGUARDED_AVAILABILITY = YES_AGGRESSIVE;
				CLANG_WARN_UNREACHABLE_CODE = YES;
				CLANG_WARN__DUPLICATE_METHOD_MATCH = YES;
				COPY_PHASE_STRIP = NO;
				DEBUG_INFORMATION_FORMAT = "dwarf-with-dsym";
				ENABLE_NS_ASSERTIONS = NO;
				ENABLE_STRICT_OBJC_MSGSEND = YES;
				GCC_C_LANGUAGE_STANDARD = gnu11;
				GCC_NO_COMMON_BLOCKS = YES;
				GCC_WARN_64_TO_32_BIT_CONVERSION = YES;
				GCC_WARN_ABOUT_RETURN_TYPE = YES_ERROR;
				GCC_WARN_UNDECLARED_SELECTOR = YES;
				GCC_WARN_UNINITIALIZED_AUTOS = YES_AGGRESSIVE;
				GCC_WARN_UNUSED_FUNCTION = YES;
				GCC_WARN_UNUSED_VARIABLE = YES;
				IPHONEOS_DEPLOYMENT_TARGET = 14.5;
				MTL_ENABLE_DEBUG_INFO = NO;
				MTL_FAST_MATH = YES;
				SDKROOT = iphoneos;
				SWIFT_COMPILATION_MODE = wholemodule;
				SWIFT_OPTIMIZATION_LEVEL = "-O";
				VALIDATE_PRODUCT = YES;
			};
			name = Release;
		};
		85D84AD7271DEC7300E74315 /* Debug */ = {
			isa = XCBuildConfiguration;
			baseConfigurationReference = DC585984AF375DDD0B4605A4 /* Pods-FireBaseApp.debug.xcconfig */;
			buildSettings = {
				ASSETCATALOG_COMPILER_APPICON_NAME = AppIcon;
				ASSETCATALOG_COMPILER_GLOBAL_ACCENT_COLOR_NAME = AccentColor;
				CODE_SIGN_STYLE = Automatic;
				DEVELOPMENT_TEAM = 6TXT83FSUD;
				INFOPLIST_FILE = FireBaseApp/Info.plist;
				LD_RUNPATH_SEARCH_PATHS = (
					"$(inherited)",
					"@executable_path/Frameworks",
				);
				PRODUCT_BUNDLE_IDENTIFIER = danielveloso.FireBaseApp;
				PRODUCT_NAME = "$(TARGET_NAME)";
				SWIFT_VERSION = 5.0;
				TARGETED_DEVICE_FAMILY = 1;
			};
			name = Debug;
		};
		85D84AD8271DEC7300E74315 /* Release */ = {
			isa = XCBuildConfiguration;
			baseConfigurationReference = 0ABE4A200738FA84F47F32E9 /* Pods-FireBaseApp.release.xcconfig */;
			buildSettings = {
				ASSETCATALOG_COMPILER_APPICON_NAME = AppIcon;
				ASSETCATALOG_COMPILER_GLOBAL_ACCENT_COLOR_NAME = AccentColor;
				CODE_SIGN_STYLE = Automatic;
				DEVELOPMENT_TEAM = 6TXT83FSUD;
				INFOPLIST_FILE = FireBaseApp/Info.plist;
				LD_RUNPATH_SEARCH_PATHS = (
					"$(inherited)",
					"@executable_path/Frameworks",
				);
				PRODUCT_BUNDLE_IDENTIFIER = danielveloso.FireBaseApp;
				PRODUCT_NAME = "$(TARGET_NAME)";
				SWIFT_VERSION = 5.0;
				TARGETED_DEVICE_FAMILY = 1;
			};
			name = Release;
		};
/* End XCBuildConfiguration section */

/* Begin XCConfigurationList section */
		85D84ABD271DEC6E00E74315 /* Build configuration list for PBXProject "FireBaseApp" */ = {
			isa = XCConfigurationList;
			buildConfigurations = (
				85D84AD4271DEC7300E74315 /* Debug */,
				85D84AD5271DEC7300E74315 /* Release */,
			);
			defaultConfigurationIsVisible = 0;
			defaultConfigurationName = Release;
		};
		85D84AD6271DEC7300E74315 /* Build configuration list for PBXNativeTarget "FireBaseApp" */ = {
			isa = XCConfigurationList;
			buildConfigurations = (
				85D84AD7271DEC7300E74315 /* Debug */,
				85D84AD8271DEC7300E74315 /* Release */,
			);
			defaultConfigurationIsVisible = 0;
			defaultConfigurationName = Release;
		};
/* End XCConfigurationList section */
	};
	rootObject = 85D84ABA271DEC6E00E74315 /* Project object */;
}
